
Microsoft Visual Studio Solution File, Format Version 12.00
# Visual Studio Version 16
VisualStudioVersion = 16.0.30320.27
MinimumVisualStudioVersion = 10.0.40219.1
Project("{FAE04EC0-301F-11D3-BF4B-00C04F79EFBC}") = "GerenciadorDeConteudoMVC", "GerenciadorDeConteudoMVC\GerenciadorDeConteudoMVC.csproj", "{213222FB-7FD2-4E16-9EBB-1DAC7A18F1F5}"
EndProject
Project("{FAE04EC0-301F-11D3-BF4B-00C04F79EFBC}") = "Database", "Database\Database.csproj", "{6414228F-1FBC-49A6-B0DE-F458E4185B41}"
EndProject
Project("{FAE04EC0-301F-11D3-BF4B-00C04F79EFBC}") = "Business", "Business\Business.csproj", "{D446B9CA-8182-4E20-A564-AB23CD593AB0}"
EndProject
Global
	GlobalSection(SolutionConfigurationPlatforms) = preSolution
		Debug|Any CPU = Debug|Any CPU
		Release|Any CPU = Release|Any CPU
	EndGlobalSection
	GlobalSection(ProjectConfigurationPlatforms) = postSolution
		{213222FB-7FD2-4E16-9EBB-1DAC7A18F1F5}.Debug|Any CPU.ActiveCfg = Debug|Any CPU
		{213222FB-7FD2-4E16-9EBB-1DAC7A18F1F5}.Debug|Any CPU.Build.0 = Debug|Any CPU
		{213222FB-7FD2-4E16-9EBB-1DAC7A18F1F5}.Release|Any CPU.ActiveCfg = Release|Any CPU
		{213222FB-7FD2-4E16-9EBB-1DAC7A18F1F5}.Release|Any CPU.Build.0 = Release|Any CPU
		{6414228F-1FBC-49A6-B0DE-F458E4185B41}.Debug|Any CPU.ActiveCfg = Debug|Any CPU
		{6414228F-1FBC-49A6-B0DE-F458E4185B41}.Debug|Any CPU.Build.0 = Debug|Any CPU
		{6414228F-1FBC-49A6-B0DE-F458E4185B41}.Release|Any CPU.ActiveCfg = Release|Any CPU
		{6414228F-1FBC-49A6-B0DE-F458E4185B41}.Release|Any CPU.Build.0 = Release|Any CPU
		{D446B9CA-8182-4E20-A564-AB23CD593AB0}.Debug|Any CPU.ActiveCfg = Debug|Any CPU
		{D446B9CA-8182-4E20-A564-AB23CD593AB0}.Debug|Any CPU.Build.0 = Debug|Any CPU
		{D446B9CA-8182-4E20-A564-AB23CD593AB0}.Release|Any CPU.ActiveCfg = Release|Any CPU
		{D446B9CA-8182-4E20-A564-AB23CD593AB0}.Release|Any CPU.Build.0 = Release|Any CPU
	EndGlobalSection
	GlobalSection(SolutionProperties) = preSolution
		HideSolutionNode = FALSE
	EndGlobalSection
	GlobalSection(ExtensibilityGlobals) = postSolution
		SolutionGuid = {7674F141-254B-4720-B80C-0FA999A1A471}
	EndGlobalSection
EndGlobal
